
Microsoft Visual Studio Solution File, Format Version 12.00
# Visual Studio Version 17
VisualStudioVersion = 17.14.37027.9
MinimumVisualStudioVersion = 10.0.40219.1
Project("{FAE04EC0-301F-11D3-BF4B-00C04F79EFBC}") = "VinhKhanhApi", "..\VinhKhanhApi\VinhKhanhApi\VinhKhanhApi.csproj", "{5DC1A6FF-D6DA-20BC-D53A-8C2115D8CE6D}"
EndProject
Project("{FAE04EC0-301F-11D3-BF4B-00C04F79EFBC}") = "VinhKhanhFood", "..\VinhKhanhFood\VinhKhanhFood.csproj", "{FF7C8344-D979-4CBD-98A0-BF7E90EBA7DD}"
EndProject
Project("{FAE04EC0-301F-11D3-BF4B-00C04F79EFBC}") = "VinhKhanhWebAdmin", "..\VinhKhanhWebAdmin\VinhKhanhWebAdmin\VinhKhanhWebAdmin.csproj", "{FAE3323C-7ACA-423A-FC58-DF35A76D5C51}"
EndProject
Global
	GlobalSection(SolutionConfigurationPlatforms) = preSolution
		Debug|Any CPU = Debug|Any CPU
		Release|Any CPU = Release|Any CPU
	EndGlobalSection
	GlobalSection(ProjectConfigurationPlatforms) = postSolution
		{5DC1A6FF-D6DA-20BC-D53A-8C2115D8CE6D}.Debug|Any CPU.ActiveCfg = Debug|Any CPU
		{5DC1A6FF-D6DA-20BC-D53A-8C2115D8CE6D}.Debug|Any CPU.Build.0 = Debug|Any CPU
		{5DC1A6FF-D6DA-20BC-D53A-8C2115D8CE6D}.Release|Any CPU.ActiveCfg = Release|Any CPU
		{5DC1A6FF-D6DA-20BC-D53A-8C2115D8CE6D}.Release|Any CPU.Build.0 = Release|Any CPU
		{FF7C8344-D979-4CBD-98A0-BF7E90EBA7DD}.Debug|Any CPU.ActiveCfg = Debug|Any CPU
		{FF7C8344-D979-4CBD-98A0-BF7E90EBA7DD}.Debug|Any CPU.Build.0 = Debug|Any CPU
		{FF7C8344-D979-4CBD-98A0-BF7E90EBA7DD}.Debug|Any CPU.Deploy.0 = Debug|Any CPU
		{FF7C8344-D979-4CBD-98A0-BF7E90EBA7DD}.Release|Any CPU.ActiveCfg = Release|Any CPU
		{FF7C8344-D979-4CBD-98A0-BF7E90EBA7DD}.Release|Any CPU.Build.0 = Release|Any CPU
		{FF7C8344-D979-4CBD-98A0-BF7E90EBA7DD}.Release|Any CPU.Deploy.0 = Release|Any CPU
		{FAE3323C-7ACA-423A-FC58-DF35A76D5C51}.Debug|Any CPU.ActiveCfg = Debug|Any CPU
		{FAE3323C-7ACA-423A-FC58-DF35A76D5C51}.Debug|Any CPU.Build.0 = Debug|Any CPU
		{FAE3323C-7ACA-423A-FC58-DF35A76D5C51}.Release|Any CPU.ActiveCfg = Release|Any CPU
		{FAE3323C-7ACA-423A-FC58-DF35A76D5C51}.Release|Any CPU.Build.0 = Release|Any CPU
	EndGlobalSection
	GlobalSection(SolutionProperties) = preSolution
		HideSolutionNode = FALSE
	EndGlobalSection
	GlobalSection(ExtensibilityGlobals) = postSolution
		SolutionGuid = {AED73F9F-0DAA-4B9D-B093-687989A4EA0A}
	EndGlobalSection
EndGlobal
