
Microsoft Visual Studio Solution File, Format Version 12.00
# Visual Studio Version 17
VisualStudioVersion = 17.14.37027.9 d17.14
MinimumVisualStudioVersion = 10.0.40219.1
Project("{FAE04EC0-301F-11D3-BF4B-00C04F79EFBC}") = "VinhKhanhApi", "VinhKhanhApi\VinhKhanhApi.csproj", "{0AC44EA5-A082-4E3B-87BE-49822CF04AE5}"
EndProject
Global
	GlobalSection(SolutionConfigurationPlatforms) = preSolution
		Debug|Any CPU = Debug|Any CPU
		Release|Any CPU = Release|Any CPU
	EndGlobalSection
	GlobalSection(ProjectConfigurationPlatforms) = postSolution
		{0AC44EA5-A082-4E3B-87BE-49822CF04AE5}.Debug|Any CPU.ActiveCfg = Debug|Any CPU
		{0AC44EA5-A082-4E3B-87BE-49822CF04AE5}.Debug|Any CPU.Build.0 = Debug|Any CPU
		{0AC44EA5-A082-4E3B-87BE-49822CF04AE5}.Release|Any CPU.ActiveCfg = Release|Any CPU
		{0AC44EA5-A082-4E3B-87BE-49822CF04AE5}.Release|Any CPU.Build.0 = Release|Any CPU
	EndGlobalSection
	GlobalSection(SolutionProperties) = preSolution
		HideSolutionNode = FALSE
	EndGlobalSection
	GlobalSection(ExtensibilityGlobals) = postSolution
		SolutionGuid = {676BA9B5-9B4C-496E-9897-EC8B216C997B}
	EndGlobalSection
EndGlobal
